
Microsoft Visual Studio Solution File, Format Version 12.00
# Visual Studio Version 17
VisualStudioVersion = 17.4.33403.182
MinimumVisualStudioVersion = 10.0.40219.1
Project("{FAE04EC0-301F-11D3-BF4B-00C04F79EFBC}") = "PrjObjects", "PrjObjects\PrjObjects.csproj", "{EC95DE8B-60FD-4364-9521-0AA8CED6CA09}"
EndProject
Global
	GlobalSection(SolutionConfigurationPlatforms) = preSolution
		Debug|Any CPU = Debug|Any CPU
		Release|Any CPU = Release|Any CPU
	EndGlobalSection
	GlobalSection(ProjectConfigurationPlatforms) = postSolution
		{EC95DE8B-60FD-4364-9521-0AA8CED6CA09}.Debug|Any CPU.ActiveCfg = Debug|Any CPU
		{EC95DE8B-60FD-4364-9521-0AA8CED6CA09}.Debug|Any CPU.Build.0 = Debug|Any CPU
		{EC95DE8B-60FD-4364-9521-0AA8CED6CA09}.Release|Any CPU.ActiveCfg = Release|Any CPU
		{EC95DE8B-60FD-4364-9521-0AA8CED6CA09}.Release|Any CPU.Build.0 = Release|Any CPU
	EndGlobalSection
	GlobalSection(SolutionProperties) = preSolution
		HideSolutionNode = FALSE
	EndGlobalSection
	GlobalSection(ExtensibilityGlobals) = postSolution
		SolutionGuid = {F5EBDB54-BB21-4C97-926B-E24EB78EAEF0}
	EndGlobalSection
EndGlobal
